
Microsoft Visual Studio Solution File, Format Version 12.00
# Visual Studio Version 16
VisualStudioVersion = 16.0.34729.46
MinimumVisualStudioVersion = 10.0.40219.1
Project("{FAE04EC0-301F-11D3-BF4B-00C04F79EFBC}") = "PadZahr", "PadZahr.csproj", "{BDB098F9-7D36-41CA-B312-3E57EDB8CBF9}"
EndProject
Global
	GlobalSection(SolutionConfigurationPlatforms) = preSolution
		Debug|Any CPU = Debug|Any CPU
		Release|Any CPU = Release|Any CPU
	EndGlobalSection
	GlobalSection(ProjectConfigurationPlatforms) = postSolution
		{BDB098F9-7D36-41CA-B312-3E57EDB8CBF9}.Debug|Any CPU.ActiveCfg = Debug|Any CPU
		{BDB098F9-7D36-41CA-B312-3E57EDB8CBF9}.Debug|Any CPU.Build.0 = Debug|Any CPU
		{BDB098F9-7D36-41CA-B312-3E57EDB8CBF9}.Release|Any CPU.ActiveCfg = Release|Any CPU
		{BDB098F9-7D36-41CA-B312-3E57EDB8CBF9}.Release|Any CPU.Build.0 = Release|Any CPU
	EndGlobalSection
	GlobalSection(SolutionProperties) = preSolution
		HideSolutionNode = FALSE
	EndGlobalSection
	GlobalSection(ExtensibilityGlobals) = postSolution
		SolutionGuid = {DDDC6C05-93E9-4A3E-92B0-B9B2B62EB988}
	EndGlobalSection
EndGlobal
